
Microsoft Visual Studio Solution File, Format Version 12.00
# Visual Studio Version 17
VisualStudioVersion = 17.0.31903.59
MinimumVisualStudioVersion = 10.0.40219.1
Project("{FAE04EC0-301F-11D3-BF4B-00C04F79EFBC}") = "dcArca.Core", "dcArca.Core\dcArca.Core.csproj", "{C7F154C7-84E4-475D-9428-6E71ABF2E0DB}"
EndProject
Project("{FAE04EC0-301F-11D3-BF4B-00C04F79EFBC}") = "dcArca.TestApp", "dcArca.TestApp\dcArca.TestApp.csproj", "{4EE56237-CBE6-42B3-9206-76170A3C7705}"
EndProject
Global
	GlobalSection(SolutionConfigurationPlatforms) = preSolution
		Debug|Any CPU = Debug|Any CPU
		Debug|x64 = Debug|x64
		Debug|x86 = Debug|x86
		Release|Any CPU = Release|Any CPU
		Release|x64 = Release|x64
		Release|x86 = Release|x86
	EndGlobalSection
	GlobalSection(ProjectConfigurationPlatforms) = postSolution
		{C7F154C7-84E4-475D-9428-6E71ABF2E0DB}.Debug|Any CPU.ActiveCfg = Debug|Any CPU
		{C7F154C7-84E4-475D-9428-6E71ABF2E0DB}.Debug|Any CPU.Build.0 = Debug|Any CPU
		{C7F154C7-84E4-475D-9428-6E71ABF2E0DB}.Debug|x64.ActiveCfg = Debug|Any CPU
		{C7F154C7-84E4-475D-9428-6E71ABF2E0DB}.Debug|x64.Build.0 = Debug|Any CPU
		{C7F154C7-84E4-475D-9428-6E71ABF2E0DB}.Debug|x86.ActiveCfg = Debug|Any CPU
		{C7F154C7-84E4-475D-9428-6E71ABF2E0DB}.Debug|x86.Build.0 = Debug|Any CPU
		{C7F154C7-84E4-475D-9428-6E71ABF2E0DB}.Release|Any CPU.ActiveCfg = Release|Any CPU
		{C7F154C7-84E4-475D-9428-6E71ABF2E0DB}.Release|Any CPU.Build.0 = Release|Any CPU
		{C7F154C7-84E4-475D-9428-6E71ABF2E0DB}.Release|x64.ActiveCfg = Release|Any CPU
		{C7F154C7-84E4-475D-9428-6E71ABF2E0DB}.Release|x64.Build.0 = Release|Any CPU
		{C7F154C7-84E4-475D-9428-6E71ABF2E0DB}.Release|x86.ActiveCfg = Release|Any CPU
		{C7F154C7-84E4-475D-9428-6E71ABF2E0DB}.Release|x86.Build.0 = Release|Any CPU
		{4EE56237-CBE6-42B3-9206-76170A3C7705}.Debug|Any CPU.ActiveCfg = Debug|Any CPU
		{4EE56237-CBE6-42B3-9206-76170A3C7705}.Debug|Any CPU.Build.0 = Debug|Any CPU
		{4EE56237-CBE6-42B3-9206-76170A3C7705}.Debug|x64.ActiveCfg = Debug|Any CPU
		{4EE56237-CBE6-42B3-9206-76170A3C7705}.Debug|x64.Build.0 = Debug|Any CPU
		{4EE56237-CBE6-42B3-9206-76170A3C7705}.Debug|x86.ActiveCfg = Debug|Any CPU
		{4EE56237-CBE6-42B3-9206-76170A3C7705}.Debug|x86.Build.0 = Debug|Any CPU
		{4EE56237-CBE6-42B3-9206-76170A3C7705}.Release|Any CPU.ActiveCfg = Release|Any CPU
		{4EE56237-CBE6-42B3-9206-76170A3C7705}.Release|Any CPU.Build.0 = Release|Any CPU
		{4EE56237-CBE6-42B3-9206-76170A3C7705}.Release|x64.ActiveCfg = Release|Any CPU
		{4EE56237-CBE6-42B3-9206-76170A3C7705}.Release|x64.Build.0 = Release|Any CPU
		{4EE56237-CBE6-42B3-9206-76170A3C7705}.Release|x86.ActiveCfg = Release|Any CPU
		{4EE56237-CBE6-42B3-9206-76170A3C7705}.Release|x86.Build.0 = Release|Any CPU
	EndGlobalSection
	GlobalSection(SolutionProperties) = preSolution
		HideSolutionNode = FALSE
	EndGlobalSection
EndGlobal
